Microsoft Visual Studio Solution File, Format Version 12.00
# Visual Studio 15
Project("{8BC9CEB8-8B4A-11D0-8D11-00A0C91BC942}") = "ALL_BUILD", "ALL_BUILD.vcxproj", "{50C3A1DE-36AD-335D-8D1D-AE56CAAE9711}"
	ProjectSection(ProjectDependencies) = postProject
		{31BDDA5B-65E5-3FCE-AEE9-2D764474F4EF} = {31BDDA5B-65E5-3FCE-AEE9-2D764474F4EF}
		{3A7793C0-C04C-32B7-A1E0-830F660FF16D} = {3A7793C0-C04C-32B7-A1E0-830F660FF16D}
		{F5E343F8-1568-3702-93B0-BA8DDBCA8B1E} = {F5E343F8-1568-3702-93B0-BA8DDBCA8B1E}
		{B3B8AA6C-E028-3E76-A8F8-20DDA937791A} = {B3B8AA6C-E028-3E76-A8F8-20DDA937791A}
		{FA86F873-2DDE-30FF-A181-736AEB2134AE} = {FA86F873-2DDE-30FF-A181-736AEB2134AE}
		{88E13195-9D88-366D-81AD-22B16C008302} = {88E13195-9D88-366D-81AD-22B16C008302}
		{69E9B1A3-D4B8-3BF4-8BA7-18EC0CD1FFB1} = {69E9B1A3-D4B8-3BF4-8BA7-18EC0CD1FFB1}
	EndProjectSection
EndProject
Project("{8BC9CEB8-8B4A-11D0-8D11-00A0C91BC942}") = "ZERO_CHECK", "ZERO_CHECK.vcxproj", "{31BDDA5B-65E5-3FCE-AEE9-2D764474F4EF}"
	ProjectSection(ProjectDependencies) = postProject
	EndProjectSection
EndProject
Project("{8BC9CEB8-8B4A-11D0-8D11-00A0C91BC942}") = "fracture_model", "fracture_model\fracture_model.vcxproj", "{3A7793C0-C04C-32B7-A1E0-830F660FF16D}"
	ProjectSection(ProjectDependencies) = postProject
		{31BDDA5B-65E5-3FCE-AEE9-2D764474F4EF} = {31BDDA5B-65E5-3FCE-AEE9-2D764474F4EF}
		{FA86F873-2DDE-30FF-A181-736AEB2134AE} = {FA86F873-2DDE-30FF-A181-736AEB2134AE}
	EndProjectSection
EndProject
Project("{8BC9CEB8-8B4A-11D0-8D11-00A0C91BC942}") = "gd_solver", "gd_solver\gd_solver.vcxproj", "{F5E343F8-1568-3702-93B0-BA8DDBCA8B1E}"
	ProjectSection(ProjectDependencies) = postProject
		{31BDDA5B-65E5-3FCE-AEE9-2D764474F4EF} = {31BDDA5B-65E5-3FCE-AEE9-2D764474F4EF}
	EndProjectSection
EndProject
Project("{8BC9CEB8-8B4A-11D0-8D11-00A0C91BC942}") = "generator", "generator\generator.vcxproj", "{B3B8AA6C-E028-3E76-A8F8-20DDA937791A}"
	ProjectSection(ProjectDependencies) = postProject
		{31BDDA5B-65E5-3FCE-AEE9-2D764474F4EF} = {31BDDA5B-65E5-3FCE-AEE9-2D764474F4EF}
		{FA86F873-2DDE-30FF-A181-736AEB2134AE} = {FA86F873-2DDE-30FF-A181-736AEB2134AE}
	EndProjectSection
EndProject
Project("{8BC9CEB8-8B4A-11D0-8D11-00A0C91BC942}") = "jsoncpp", "jsoncpp\jsoncpp.vcxproj", "{FA86F873-2DDE-30FF-A181-736AEB2134AE}"
	ProjectSection(ProjectDependencies) = postProject
		{31BDDA5B-65E5-3FCE-AEE9-2D764474F4EF} = {31BDDA5B-65E5-3FCE-AEE9-2D764474F4EF}
	EndProjectSection
EndProject
Project("{8BC9CEB8-8B4A-11D0-8D11-00A0C91BC942}") = "main", "main.vcxproj", "{88E13195-9D88-366D-81AD-22B16C008302}"
	ProjectSection(ProjectDependencies) = postProject
		{31BDDA5B-65E5-3FCE-AEE9-2D764474F4EF} = {31BDDA5B-65E5-3FCE-AEE9-2D764474F4EF}
		{3A7793C0-C04C-32B7-A1E0-830F660FF16D} = {3A7793C0-C04C-32B7-A1E0-830F660FF16D}
		{F5E343F8-1568-3702-93B0-BA8DDBCA8B1E} = {F5E343F8-1568-3702-93B0-BA8DDBCA8B1E}
		{B3B8AA6C-E028-3E76-A8F8-20DDA937791A} = {B3B8AA6C-E028-3E76-A8F8-20DDA937791A}
		{FA86F873-2DDE-30FF-A181-736AEB2134AE} = {FA86F873-2DDE-30FF-A181-736AEB2134AE}
		{69E9B1A3-D4B8-3BF4-8BA7-18EC0CD1FFB1} = {69E9B1A3-D4B8-3BF4-8BA7-18EC0CD1FFB1}
	EndProjectSection
EndProject
Project("{8BC9CEB8-8B4A-11D0-8D11-00A0C91BC942}") = "stoch_optimization", "stoch_optimization\stoch_optimization.vcxproj", "{69E9B1A3-D4B8-3BF4-8BA7-18EC0CD1FFB1}"
	ProjectSection(ProjectDependencies) = postProject
		{31BDDA5B-65E5-3FCE-AEE9-2D764474F4EF} = {31BDDA5B-65E5-3FCE-AEE9-2D764474F4EF}
	EndProjectSection
EndProject
Global
	GlobalSection(SolutionConfigurationPlatforms) = preSolution
		Debug|Win32 = Debug|Win32
		Release|Win32 = Release|Win32
		MinSizeRel|Win32 = MinSizeRel|Win32
		RelWithDebInfo|Win32 = RelWithDebInfo|Win32
	EndGlobalSection
	GlobalSection(ProjectConfigurationPlatforms) = postSolution
		{50C3A1DE-36AD-335D-8D1D-AE56CAAE9711}.Debug|Win32.ActiveCfg = Debug|Win32
		{50C3A1DE-36AD-335D-8D1D-AE56CAAE9711}.Release|Win32.ActiveCfg = Release|Win32
		{50C3A1DE-36AD-335D-8D1D-AE56CAAE9711}.MinSizeRel|Win32.ActiveCfg = MinSizeRel|Win32
		{50C3A1DE-36AD-335D-8D1D-AE56CAAE9711}.RelWithDebInfo|Win32.ActiveCfg = RelWithDebInfo|Win32
		{31BDDA5B-65E5-3FCE-AEE9-2D764474F4EF}.Debug|Win32.ActiveCfg = Debug|Win32
		{31BDDA5B-65E5-3FCE-AEE9-2D764474F4EF}.Debug|Win32.Build.0 = Debug|Win32
		{31BDDA5B-65E5-3FCE-AEE9-2D764474F4EF}.Release|Win32.ActiveCfg = Release|Win32
		{31BDDA5B-65E5-3FCE-AEE9-2D764474F4EF}.Release|Win32.Build.0 = Release|Win32
		{31BDDA5B-65E5-3FCE-AEE9-2D764474F4EF}.MinSizeRel|Win32.ActiveCfg = MinSizeRel|Win32
		{31BDDA5B-65E5-3FCE-AEE9-2D764474F4EF}.MinSizeRel|Win32.Build.0 = MinSizeRel|Win32
		{31BDDA5B-65E5-3FCE-AEE9-2D764474F4EF}.RelWithDebInfo|Win32.ActiveCfg = RelWithDebInfo|Win32
		{31BDDA5B-65E5-3FCE-AEE9-2D764474F4EF}.RelWithDebInfo|Win32.Build.0 = RelWithDebInfo|Win32
		{3A7793C0-C04C-32B7-A1E0-830F660FF16D}.Debug|Win32.ActiveCfg = Debug|Win32
		{3A7793C0-C04C-32B7-A1E0-830F660FF16D}.Debug|Win32.Build.0 = Debug|Win32
		{3A7793C0-C04C-32B7-A1E0-830F660FF16D}.Release|Win32.ActiveCfg = Release|Win32
		{3A7793C0-C04C-32B7-A1E0-830F660FF16D}.Release|Win32.Build.0 = Release|Win32
		{3A7793C0-C04C-32B7-A1E0-830F660FF16D}.MinSizeRel|Win32.ActiveCfg = MinSizeRel|Win32
		{3A7793C0-C04C-32B7-A1E0-830F660FF16D}.MinSizeRel|Win32.Build.0 = MinSizeRel|Win32
		{3A7793C0-C04C-32B7-A1E0-830F660FF16D}.RelWithDebInfo|Win32.ActiveCfg = RelWithDebInfo|Win32
		{3A7793C0-C04C-32B7-A1E0-830F660FF16D}.RelWithDebInfo|Win32.Build.0 = RelWithDebInfo|Win32
		{F5E343F8-1568-3702-93B0-BA8DDBCA8B1E}.Debug|Win32.ActiveCfg = Debug|Win32
		{F5E343F8-1568-3702-93B0-BA8DDBCA8B1E}.Debug|Win32.Build.0 = Debug|Win32
		{F5E343F8-1568-3702-93B0-BA8DDBCA8B1E}.Release|Win32.ActiveCfg = Release|Win32
		{F5E343F8-1568-3702-93B0-BA8DDBCA8B1E}.Release|Win32.Build.0 = Release|Win32
		{F5E343F8-1568-3702-93B0-BA8DDBCA8B1E}.MinSizeRel|Win32.ActiveCfg = MinSizeRel|Win32
		{F5E343F8-1568-3702-93B0-BA8DDBCA8B1E}.MinSizeRel|Win32.Build.0 = MinSizeRel|Win32
		{F5E343F8-1568-3702-93B0-BA8DDBCA8B1E}.RelWithDebInfo|Win32.ActiveCfg = RelWithDebInfo|Win32
		{F5E343F8-1568-3702-93B0-BA8DDBCA8B1E}.RelWithDebInfo|Win32.Build.0 = RelWithDebInfo|Win32
		{B3B8AA6C-E028-3E76-A8F8-20DDA937791A}.Debug|Win32.ActiveCfg = Debug|Win32
		{B3B8AA6C-E028-3E76-A8F8-20DDA937791A}.Debug|Win32.Build.0 = Debug|Win32
		{B3B8AA6C-E028-3E76-A8F8-20DDA937791A}.Release|Win32.ActiveCfg = Release|Win32
		{B3B8AA6C-E028-3E76-A8F8-20DDA937791A}.Release|Win32.Build.0 = Release|Win32
		{B3B8AA6C-E028-3E76-A8F8-20DDA937791A}.MinSizeRel|Win32.ActiveCfg = MinSizeRel|Win32
		{B3B8AA6C-E028-3E76-A8F8-20DDA937791A}.MinSizeRel|Win32.Build.0 = MinSizeRel|Win32
		{B3B8AA6C-E028-3E76-A8F8-20DDA937791A}.RelWithDebInfo|Win32.ActiveCfg = RelWithDebInfo|Win32
		{B3B8AA6C-E028-3E76-A8F8-20DDA937791A}.RelWithDebInfo|Win32.Build.0 = RelWithDebInfo|Win32
		{FA86F873-2DDE-30FF-A181-736AEB2134AE}.Debug|Win32.ActiveCfg = Debug|Win32
		{FA86F873-2DDE-30FF-A181-736AEB2134AE}.Debug|Win32.Build.0 = Debug|Win32
		{FA86F873-2DDE-30FF-A181-736AEB2134AE}.Release|Win32.ActiveCfg = Release|Win32
		{FA86F873-2DDE-30FF-A181-736AEB2134AE}.Release|Win32.Build.0 = Release|Win32
		{FA86F873-2DDE-30FF-A181-736AEB2134AE}.MinSizeRel|Win32.ActiveCfg = MinSizeRel|Win32
		{FA86F873-2DDE-30FF-A181-736AEB2134AE}.MinSizeRel|Win32.Build.0 = MinSizeRel|Win32
		{FA86F873-2DDE-30FF-A181-736AEB2134AE}.RelWithDebInfo|Win32.ActiveCfg = RelWithDebInfo|Win32
		{FA86F873-2DDE-30FF-A181-736AEB2134AE}.RelWithDebInfo|Win32.Build.0 = RelWithDebInfo|Win32
		{88E13195-9D88-366D-81AD-22B16C008302}.Debug|Win32.ActiveCfg = Debug|Win32
		{88E13195-9D88-366D-81AD-22B16C008302}.Debug|Win32.Build.0 = Debug|Win32
		{88E13195-9D88-366D-81AD-22B16C008302}.Release|Win32.ActiveCfg = Release|Win32
		{88E13195-9D88-366D-81AD-22B16C008302}.Release|Win32.Build.0 = Release|Win32
		{88E13195-9D88-366D-81AD-22B16C008302}.MinSizeRel|Win32.ActiveCfg = MinSizeRel|Win32
		{88E13195-9D88-366D-81AD-22B16C008302}.MinSizeRel|Win32.Build.0 = MinSizeRel|Win32
		{88E13195-9D88-366D-81AD-22B16C008302}.RelWithDebInfo|Win32.ActiveCfg = RelWithDebInfo|Win32
		{88E13195-9D88-366D-81AD-22B16C008302}.RelWithDebInfo|Win32.Build.0 = RelWithDebInfo|Win32
		{69E9B1A3-D4B8-3BF4-8BA7-18EC0CD1FFB1}.Debug|Win32.ActiveCfg = Debug|Win32
		{69E9B1A3-D4B8-3BF4-8BA7-18EC0CD1FFB1}.Debug|Win32.Build.0 = Debug|Win32
		{69E9B1A3-D4B8-3BF4-8BA7-18EC0CD1FFB1}.Release|Win32.ActiveCfg = Release|Win32
		{69E9B1A3-D4B8-3BF4-8BA7-18EC0CD1FFB1}.Release|Win32.Build.0 = Release|Win32
		{69E9B1A3-D4B8-3BF4-8BA7-18EC0CD1FFB1}.MinSizeRel|Win32.ActiveCfg = MinSizeRel|Win32
		{69E9B1A3-D4B8-3BF4-8BA7-18EC0CD1FFB1}.MinSizeRel|Win32.Build.0 = MinSizeRel|Win32
		{69E9B1A3-D4B8-3BF4-8BA7-18EC0CD1FFB1}.RelWithDebInfo|Win32.ActiveCfg = RelWithDebInfo|Win32
		{69E9B1A3-D4B8-3BF4-8BA7-18EC0CD1FFB1}.RelWithDebInfo|Win32.Build.0 = RelWithDebInfo|Win32
	EndGlobalSection
	GlobalSection(ExtensibilityGlobals) = postSolution
		SolutionGuid = {5459872A-B1C8-3422-8888-4FC9B0AB7A2D}
	EndGlobalSection
	GlobalSection(ExtensibilityAddIns) = postSolution
	EndGlobalSection
EndGlobal
