<?xml version="1.0" encoding="utf-8"?>
<Project ToolsVersion="15.0" xmlns="http://schemas.microsoft.com/developer/msbuild/2003">
  <ItemGroup>
    <ClCompile Include="C:\Users\shabalina.aa\Documents\cmake projects\optimization_stochopt\jsoncpp\src\lib_json\json_reader.cpp">
      <Filter>Source Files</Filter>
    </ClCompile>
    <ClCompile Include="C:\Users\shabalina.aa\Documents\cmake projects\optimization_stochopt\jsoncpp\src\lib_json\json_value.cpp">
      <Filter>Source Files</Filter>
    </ClCompile>
    <ClCompile Include="C:\Users\shabalina.aa\Documents\cmake projects\optimization_stochopt\jsoncpp\src\lib_json\json_writer.cpp">
      <Filter>Source Files</Filter>
    </ClCompile>
  </ItemGroup>
  <ItemGroup>
    <CustomBuild Include="C:\Users\shabalina.aa\Documents\cmake projects\optimization_stochopt\jsoncpp\CMakeLists.txt" />
  </ItemGroup>
  <ItemGroup>
    <Filter Include="Source Files">
      <UniqueIdentifier>{8EAF5BAB-D01D-3BEF-A50A-84DDBCB425D2}</UniqueIdentifier>
    </Filter>
  </ItemGroup>
</Project>
